
Microsoft Visual Studio Solution File, Format Version 12.00
# Visual Studio Version 17
VisualStudioVersion = 17.10.34928.147
MinimumVisualStudioVersion = 10.0.40219.1
Project("{9A19103F-16F7-4668-BE54-9A1E7A4F7556}") = "PlayGroundLib", "PlayGroundLib\PlayGroundLib.csproj", "{C16E4412-9123-4FD2-B27B-928011E15CBC}"
EndProject
Project("{FAE04EC0-301F-11D3-BF4B-00C04F79EFBC}") = "PlayGroundLibTests", "PlayGroundLibTests\PlayGroundLibTests.csproj", "{21848025-F8E6-4440-9781-F012E28677A2}"
EndProject
Global
	GlobalSection(SolutionConfigurationPlatforms) = preSolution
		Debug|Any CPU = Debug|Any CPU
		Release|Any CPU = Release|Any CPU
	EndGlobalSection
	GlobalSection(ProjectConfigurationPlatforms) = postSolution
		{C16E4412-9123-4FD2-B27B-928011E15CBC}.Debug|Any CPU.ActiveCfg = Debug|Any CPU
		{C16E4412-9123-4FD2-B27B-928011E15CBC}.Debug|Any CPU.Build.0 = Debug|Any CPU
		{C16E4412-9123-4FD2-B27B-928011E15CBC}.Release|Any CPU.ActiveCfg = Release|Any CPU
		{C16E4412-9123-4FD2-B27B-928011E15CBC}.Release|Any CPU.Build.0 = Release|Any CPU
		{21848025-F8E6-4440-9781-F012E28677A2}.Debug|Any CPU.ActiveCfg = Debug|Any CPU
		{21848025-F8E6-4440-9781-F012E28677A2}.Debug|Any CPU.Build.0 = Debug|Any CPU
		{21848025-F8E6-4440-9781-F012E28677A2}.Release|Any CPU.ActiveCfg = Release|Any CPU
		{21848025-F8E6-4440-9781-F012E28677A2}.Release|Any CPU.Build.0 = Release|Any CPU
	EndGlobalSection
	GlobalSection(SolutionProperties) = preSolution
		HideSolutionNode = FALSE
	EndGlobalSection
	GlobalSection(ExtensibilityGlobals) = postSolution
		SolutionGuid = {A2F80F7C-0BFA-4DE1-81C8-C529AACDFA5C}
	EndGlobalSection
EndGlobal
